
Microsoft Visual Studio Solution File, Format Version 12.00
# Visual Studio Version 16
VisualStudioVersion = 16.0.30717.126
MinimumVisualStudioVersion = 10.0.40219.1
Project("{FAE04EC0-301F-11D3-BF4B-00C04F79EFBC}") = "DICOM_Viewer_v2", "DICOM_Viewer_v2\DICOM_Viewer_v2.csproj", "{565F0E94-7EDA-425B-B50B-5C3C22B888FD}"
EndProject
Global
	GlobalSection(SolutionConfigurationPlatforms) = preSolution
		Debug|Any CPU = Debug|Any CPU
		Release|Any CPU = Release|Any CPU
	EndGlobalSection
	GlobalSection(ProjectConfigurationPlatforms) = postSolution
		{565F0E94-7EDA-425B-B50B-5C3C22B888FD}.Debug|Any CPU.ActiveCfg = Debug|Any CPU
		{565F0E94-7EDA-425B-B50B-5C3C22B888FD}.Debug|Any CPU.Build.0 = Debug|Any CPU
		{565F0E94-7EDA-425B-B50B-5C3C22B888FD}.Release|Any CPU.ActiveCfg = Release|Any CPU
		{565F0E94-7EDA-425B-B50B-5C3C22B888FD}.Release|Any CPU.Build.0 = Release|Any CPU
	EndGlobalSection
	GlobalSection(SolutionProperties) = preSolution
		HideSolutionNode = FALSE
	EndGlobalSection
	GlobalSection(ExtensibilityGlobals) = postSolution
		SolutionGuid = {03E0D3DF-5FA9-4EFA-97E7-2F36F44B66BE}
	EndGlobalSection
EndGlobal
